
Microsoft Visual Studio Solution File, Format Version 12.00
# Visual Studio Version 17
VisualStudioVersion = 17.11.35208.52
MinimumVisualStudioVersion = 10.0.40219.1
Project("{FAE04EC0-301F-11D3-BF4B-00C04F79EFBC}") = "Host", "..\Host\Host.csproj", "{6F50AE50-D949-4A4D-8E52-211BAC4AA06F}"
EndProject
Project("{FAE04EC0-301F-11D3-BF4B-00C04F79EFBC}") = "ChatService", "..\ChatService\ChatService.csproj", "{7ECE7631-4B0B-41D1-BE93-BFD2F2E3C8C8}"
EndProject
Project("{FAE04EC0-301F-11D3-BF4B-00C04F79EFBC}") = "DataAccess", "DataAccess\DataAccess.csproj", "{8EA73369-1581-408E-9492-3E87B10F3089}"
EndProject
Global
	GlobalSection(SolutionConfigurationPlatforms) = preSolution
		Debug|Any CPU = Debug|Any CPU
		Release|Any CPU = Release|Any CPU
	EndGlobalSection
	GlobalSection(ProjectConfigurationPlatforms) = postSolution
		{6F50AE50-D949-4A4D-8E52-211BAC4AA06F}.Debug|Any CPU.ActiveCfg = Debug|Any CPU
		{6F50AE50-D949-4A4D-8E52-211BAC4AA06F}.Debug|Any CPU.Build.0 = Debug|Any CPU
		{6F50AE50-D949-4A4D-8E52-211BAC4AA06F}.Release|Any CPU.ActiveCfg = Release|Any CPU
		{6F50AE50-D949-4A4D-8E52-211BAC4AA06F}.Release|Any CPU.Build.0 = Release|Any CPU
		{7ECE7631-4B0B-41D1-BE93-BFD2F2E3C8C8}.Debug|Any CPU.ActiveCfg = Debug|Any CPU
		{7ECE7631-4B0B-41D1-BE93-BFD2F2E3C8C8}.Debug|Any CPU.Build.0 = Debug|Any CPU
		{7ECE7631-4B0B-41D1-BE93-BFD2F2E3C8C8}.Release|Any CPU.ActiveCfg = Release|Any CPU
		{7ECE7631-4B0B-41D1-BE93-BFD2F2E3C8C8}.Release|Any CPU.Build.0 = Release|Any CPU
		{8EA73369-1581-408E-9492-3E87B10F3089}.Debug|Any CPU.ActiveCfg = Debug|Any CPU
		{8EA73369-1581-408E-9492-3E87B10F3089}.Debug|Any CPU.Build.0 = Debug|Any CPU
		{8EA73369-1581-408E-9492-3E87B10F3089}.Release|Any CPU.ActiveCfg = Release|Any CPU
		{8EA73369-1581-408E-9492-3E87B10F3089}.Release|Any CPU.Build.0 = Release|Any CPU
	EndGlobalSection
	GlobalSection(SolutionProperties) = preSolution
		HideSolutionNode = FALSE
	EndGlobalSection
	GlobalSection(ExtensibilityGlobals) = postSolution
		SolutionGuid = {D61496B7-BFD0-4ADA-AD2B-27725725A9BB}
	EndGlobalSection
EndGlobal
